
Microsoft Visual Studio Solution File, Format Version 12.00
# Visual Studio 14
VisualStudioVersion = 14.0.25420.1
MinimumVisualStudioVersion = 10.0.40219.1
Project("{00D1A9C2-B5F0-4AF3-8072-F6C62B433612}") = "NHJAX_ODS", "NHJAX_ODS\NHJAX_ODS.sqlproj", "{79606FD9-86ED-4C6D-9757-0C484D4256ED}"
	ProjectSection(ProjectDependencies) = postProject
		{E607E0B1-8820-4DA5-A35D-F33CBF97936F} = {E607E0B1-8820-4DA5-A35D-F33CBF97936F}
		{6AB96BD2-702A-4442-B839-A6622AE28DEF} = {6AB96BD2-702A-4442-B839-A6622AE28DEF}
	EndProjectSection
EndProject
Project("{00D1A9C2-B5F0-4AF3-8072-F6C62B433612}") = "APPLICATION_UTILITY", "APPLICATION_UTILITY\APPLICATION_UTILITY.sqlproj", "{5BAD7B44-49A6-42A1-9D7C-CD3482B98090}"
EndProject
Project("{00D1A9C2-B5F0-4AF3-8072-F6C62B433612}") = "ENET", "ENET\ENET.sqlproj", "{6AB96BD2-702A-4442-B839-A6622AE28DEF}"
	ProjectSection(ProjectDependencies) = postProject
		{88E887B8-44C3-4475-B755-48308C3A6057} = {88E887B8-44C3-4475-B755-48308C3A6057}
	EndProjectSection
EndProject
Project("{00D1A9C2-B5F0-4AF3-8072-F6C62B433612}") = "STAGING", "STAGING\STAGING.sqlproj", "{F5ACB595-BC96-4B8C-BFA1-629C25F045AA}"
EndProject
Project("{00D1A9C2-B5F0-4AF3-8072-F6C62B433612}") = "CHECKINOUT", "CHECKINOUT\CHECKINOUT.sqlproj", "{E607E0B1-8820-4DA5-A35D-F33CBF97936F}"
EndProject
Project("{00D1A9C2-B5F0-4AF3-8072-F6C62B433612}") = "Master", "Master\Master.sqlproj", "{88E887B8-44C3-4475-B755-48308C3A6057}"
EndProject
Global
	GlobalSection(SolutionConfigurationPlatforms) = preSolution
		Debug|Any CPU = Debug|Any CPU
		Release|Any CPU = Release|Any CPU
	EndGlobalSection
	GlobalSection(ProjectConfigurationPlatforms) = postSolution
		{79606FD9-86ED-4C6D-9757-0C484D4256ED}.Debug|Any CPU.ActiveCfg = Debug|Any CPU
		{79606FD9-86ED-4C6D-9757-0C484D4256ED}.Debug|Any CPU.Build.0 = Debug|Any CPU
		{79606FD9-86ED-4C6D-9757-0C484D4256ED}.Debug|Any CPU.Deploy.0 = Debug|Any CPU
		{79606FD9-86ED-4C6D-9757-0C484D4256ED}.Release|Any CPU.ActiveCfg = Release|Any CPU
		{79606FD9-86ED-4C6D-9757-0C484D4256ED}.Release|Any CPU.Build.0 = Release|Any CPU
		{79606FD9-86ED-4C6D-9757-0C484D4256ED}.Release|Any CPU.Deploy.0 = Release|Any CPU
		{5BAD7B44-49A6-42A1-9D7C-CD3482B98090}.Debug|Any CPU.ActiveCfg = Debug|Any CPU
		{5BAD7B44-49A6-42A1-9D7C-CD3482B98090}.Debug|Any CPU.Build.0 = Debug|Any CPU
		{5BAD7B44-49A6-42A1-9D7C-CD3482B98090}.Debug|Any CPU.Deploy.0 = Debug|Any CPU
		{5BAD7B44-49A6-42A1-9D7C-CD3482B98090}.Release|Any CPU.ActiveCfg = Release|Any CPU
		{5BAD7B44-49A6-42A1-9D7C-CD3482B98090}.Release|Any CPU.Build.0 = Release|Any CPU
		{5BAD7B44-49A6-42A1-9D7C-CD3482B98090}.Release|Any CPU.Deploy.0 = Release|Any CPU
		{6AB96BD2-702A-4442-B839-A6622AE28DEF}.Debug|Any CPU.ActiveCfg = Debug|Any CPU
		{6AB96BD2-702A-4442-B839-A6622AE28DEF}.Debug|Any CPU.Build.0 = Debug|Any CPU
		{6AB96BD2-702A-4442-B839-A6622AE28DEF}.Debug|Any CPU.Deploy.0 = Debug|Any CPU
		{6AB96BD2-702A-4442-B839-A6622AE28DEF}.Release|Any CPU.ActiveCfg = Release|Any CPU
		{6AB96BD2-702A-4442-B839-A6622AE28DEF}.Release|Any CPU.Build.0 = Release|Any CPU
		{6AB96BD2-702A-4442-B839-A6622AE28DEF}.Release|Any CPU.Deploy.0 = Release|Any CPU
		{F5ACB595-BC96-4B8C-BFA1-629C25F045AA}.Debug|Any CPU.ActiveCfg = Debug|Any CPU
		{F5ACB595-BC96-4B8C-BFA1-629C25F045AA}.Debug|Any CPU.Build.0 = Debug|Any CPU
		{F5ACB595-BC96-4B8C-BFA1-629C25F045AA}.Debug|Any CPU.Deploy.0 = Debug|Any CPU
		{F5ACB595-BC96-4B8C-BFA1-629C25F045AA}.Release|Any CPU.ActiveCfg = Release|Any CPU
		{F5ACB595-BC96-4B8C-BFA1-629C25F045AA}.Release|Any CPU.Build.0 = Release|Any CPU
		{F5ACB595-BC96-4B8C-BFA1-629C25F045AA}.Release|Any CPU.Deploy.0 = Release|Any CPU
		{E607E0B1-8820-4DA5-A35D-F33CBF97936F}.Debug|Any CPU.ActiveCfg = Debug|Any CPU
		{E607E0B1-8820-4DA5-A35D-F33CBF97936F}.Debug|Any CPU.Build.0 = Debug|Any CPU
		{E607E0B1-8820-4DA5-A35D-F33CBF97936F}.Debug|Any CPU.Deploy.0 = Debug|Any CPU
		{E607E0B1-8820-4DA5-A35D-F33CBF97936F}.Release|Any CPU.ActiveCfg = Release|Any CPU
		{E607E0B1-8820-4DA5-A35D-F33CBF97936F}.Release|Any CPU.Build.0 = Release|Any CPU
		{E607E0B1-8820-4DA5-A35D-F33CBF97936F}.Release|Any CPU.Deploy.0 = Release|Any CPU
		{88E887B8-44C3-4475-B755-48308C3A6057}.Debug|Any CPU.ActiveCfg = Debug|Any CPU
		{88E887B8-44C3-4475-B755-48308C3A6057}.Debug|Any CPU.Build.0 = Debug|Any CPU
		{88E887B8-44C3-4475-B755-48308C3A6057}.Debug|Any CPU.Deploy.0 = Debug|Any CPU
		{88E887B8-44C3-4475-B755-48308C3A6057}.Release|Any CPU.ActiveCfg = Release|Any CPU
		{88E887B8-44C3-4475-B755-48308C3A6057}.Release|Any CPU.Build.0 = Release|Any CPU
		{88E887B8-44C3-4475-B755-48308C3A6057}.Release|Any CPU.Deploy.0 = Release|Any CPU
	EndGlobalSection
	GlobalSection(SolutionProperties) = preSolution
		HideSolutionNode = FALSE
	EndGlobalSection
EndGlobal
